
Microsoft Visual Studio Solution File, Format Version 12.00
# Visual Studio Version 17
VisualStudioVersion = 17.10.34607.79
MinimumVisualStudioVersion = 10.0.40219.1
Project("{FAE04EC0-301F-11D3-BF4B-00C04F79EFBC}") = "School", "School\School.csproj", "{BF6A2620-650B-48A4-876B-FFAEA950518B}"
EndProject
Global
	GlobalSection(SolutionConfigurationPlatforms) = preSolution
		Debug|Any CPU = Debug|Any CPU
		Release|Any CPU = Release|Any CPU
	EndGlobalSection
	GlobalSection(ProjectConfigurationPlatforms) = postSolution
		{BF6A2620-650B-48A4-876B-FFAEA950518B}.Debug|Any CPU.ActiveCfg = Debug|Any CPU
		{BF6A2620-650B-48A4-876B-FFAEA950518B}.Debug|Any CPU.Build.0 = Debug|Any CPU
		{BF6A2620-650B-48A4-876B-FFAEA950518B}.Release|Any CPU.ActiveCfg = Release|Any CPU
		{BF6A2620-650B-48A4-876B-FFAEA950518B}.Release|Any CPU.Build.0 = Release|Any CPU
	EndGlobalSection
	GlobalSection(SolutionProperties) = preSolution
		HideSolutionNode = FALSE
	EndGlobalSection
	GlobalSection(ExtensibilityGlobals) = postSolution
		SolutionGuid = {FA7ED74E-2EC4-4435-9B67-0FD282E6FFF3}
	EndGlobalSection
EndGlobal
